version = 1
revision = 3
requires-python = ">=3.12"

[[package]]
name = "html2text"
version = "2025.4.15"
source = { registry = "https://pypi.org/simple" }
sdist = { url = "https://files.pythonhosted.org/packages/f8/27/e158d86ba1e82967cc2f790b0cb02030d4a8bef58e0c79a8590e9678107f/html2text-2025.4.15.tar.gz", hash = "sha256:948a645f8f0bc3abe7fd587019a2197a12436cd73d0d4908af95bfc8da337588", size = 64316, upload-time = "2025-04-15T04:02:30.045Z" }
wheels = [
    { url = "https://files.pythonhosted.org/packages/1d/84/1a0f9555fd5f2b1c924ff932d99b40a0f8a6b12f6dd625e2a47f415b00ea/html2text-2025.4.15-py3-none-any.whl", hash = "sha256:00569167ffdab3d7767a4cdf589b7f57e777a5ed28d12907d8c58769ec734acc", size = 34656, upload-time = "2025-04-15T04:02:28.44Z" },
]

[[package]]
name = "play"
version = "0.1.0"
source = { virtual = "." }
dependencies = [
    { name = "html2text" },
]

[package.metadata]
requires-dist = [{ name = "html2text", specifier = ">=2025.4.15" }]
